
Microsoft Visual Studio Solution File, Format Version 12.00
# Visual Studio Version 16
VisualStudioVersion = 16.0.29411.108
MinimumVisualStudioVersion = 10.0.40219.1
Project("{2150E333-8FDC-42A3-9474-1A3956D46DE8}") = "01-WebApi", "01-WebApi", "{850D976F-4754-4935-9F35-319557657501}"
EndProject
Project("{2150E333-8FDC-42A3-9474-1A3956D46DE8}") = "02-Application", "02-Application", "{847E661E-B077-4D83-B6A4-CBB9BCD5D217}"
EndProject
Project("{2150E333-8FDC-42A3-9474-1A3956D46DE8}") = "03-Domain", "03-Domain", "{2ABFF218-239D-42EA-8F57-2C0676063087}"
EndProject
Project("{2150E333-8FDC-42A3-9474-1A3956D46DE8}") = "04-Data", "04-Data", "{CA794BB7-3A92-441C-B573-9B4966599618}"
EndProject
Project("{2150E333-8FDC-42A3-9474-1A3956D46DE8}") = "06-Infrastructures", "06-Infrastructures", "{7F1CFE9C-6207-482F-8A78-DDA409E4BAEB}"
EndProject
Project("{2150E333-8FDC-42A3-9474-1A3956D46DE8}") = "05-Common", "05-Common", "{32D6F99D-5F0F-4BCF-A9C3-9E45AE776533}"
EndProject
Project("{9A19103F-16F7-4668-BE54-9A1E7A4F7556}") = "DDDSample.Data", "src\DDDSample.Data\DDDSample.Data.csproj", "{6C409D24-D6BA-4472-9361-0117CA3398A3}"
EndProject
Project("{2150E333-8FDC-42A3-9474-1A3956D46DE8}") = "Solution Items", "Solution Items", "{BC3FAE56-F060-4BF2-8496-A0C191EE0645}"
	ProjectSection(SolutionItems) = preProject
		.gitignore = .gitignore
		README.md = README.md
	EndProjectSection
EndProject
Project("{2150E333-8FDC-42A3-9474-1A3956D46DE8}") = "src", "src", "{E3FD676C-06A2-45F4-B050-3B890A15A8FB}"
EndProject
Project("{9A19103F-16F7-4668-BE54-9A1E7A4F7556}") = "DDDSample.Domain", "src\DDDSample.Domain\DDDSample.Domain.csproj", "{9B98A6C1-8F23-4264-AF60-857A0AD926B4}"
EndProject
Project("{9A19103F-16F7-4668-BE54-9A1E7A4F7556}") = "DDDSample.Domain.Core", "src\DDDSample.Domain.Core\DDDSample.Domain.Core.csproj", "{F5B3E10F-46E1-4132-9051-4FB4C51979E1}"
EndProject
Project("{9A19103F-16F7-4668-BE54-9A1E7A4F7556}") = "DDDSample.Common", "src\DDDSample.Common\DDDSample.Common.csproj", "{BE56F0CC-AE18-4A5A-BC31-3CEC8F9F93DC}"
EndProject
Project("{9A19103F-16F7-4668-BE54-9A1E7A4F7556}") = "DDDSample.Application", "src\DDDSample.Application\DDDSample.Application.csproj", "{993A3F96-8769-45E3-AA44-DFCB5BD6BDD5}"
EndProject
Project("{9A19103F-16F7-4668-BE54-9A1E7A4F7556}") = "DDDSample.WebApi", "src\DDDSample.WebApi\DDDSample.WebApi.csproj", "{07A498F9-7FC5-4479-8226-523D3E146414}"
EndProject
Project("{FAE04EC0-301F-11D3-BF4B-00C04F79EFBC}") = "DDDSample.Infrastructure", "DDDSample.Infrastructure\DDDSample.Infrastructure.csproj", "{0C2F521C-F7C4-4F7A-AA5A-DB47C862D240}"
EndProject
Global
	GlobalSection(SolutionConfigurationPlatforms) = preSolution
		Debug|Any CPU = Debug|Any CPU
		Release|Any CPU = Release|Any CPU
	EndGlobalSection
	GlobalSection(ProjectConfigurationPlatforms) = postSolution
		{6C409D24-D6BA-4472-9361-0117CA3398A3}.Debug|Any CPU.ActiveCfg = Debug|Any CPU
		{6C409D24-D6BA-4472-9361-0117CA3398A3}.Debug|Any CPU.Build.0 = Debug|Any CPU
		{6C409D24-D6BA-4472-9361-0117CA3398A3}.Release|Any CPU.ActiveCfg = Release|Any CPU
		{6C409D24-D6BA-4472-9361-0117CA3398A3}.Release|Any CPU.Build.0 = Release|Any CPU
		{9B98A6C1-8F23-4264-AF60-857A0AD926B4}.Debug|Any CPU.ActiveCfg = Debug|Any CPU
		{9B98A6C1-8F23-4264-AF60-857A0AD926B4}.Debug|Any CPU.Build.0 = Debug|Any CPU
		{9B98A6C1-8F23-4264-AF60-857A0AD926B4}.Release|Any CPU.ActiveCfg = Release|Any CPU
		{9B98A6C1-8F23-4264-AF60-857A0AD926B4}.Release|Any CPU.Build.0 = Release|Any CPU
		{F5B3E10F-46E1-4132-9051-4FB4C51979E1}.Debug|Any CPU.ActiveCfg = Debug|Any CPU
		{F5B3E10F-46E1-4132-9051-4FB4C51979E1}.Debug|Any CPU.Build.0 = Debug|Any CPU
		{F5B3E10F-46E1-4132-9051-4FB4C51979E1}.Release|Any CPU.ActiveCfg = Release|Any CPU
		{F5B3E10F-46E1-4132-9051-4FB4C51979E1}.Release|Any CPU.Build.0 = Release|Any CPU
		{BE56F0CC-AE18-4A5A-BC31-3CEC8F9F93DC}.Debug|Any CPU.ActiveCfg = Debug|Any CPU
		{BE56F0CC-AE18-4A5A-BC31-3CEC8F9F93DC}.Debug|Any CPU.Build.0 = Debug|Any CPU
		{BE56F0CC-AE18-4A5A-BC31-3CEC8F9F93DC}.Release|Any CPU.ActiveCfg = Release|Any CPU
		{BE56F0CC-AE18-4A5A-BC31-3CEC8F9F93DC}.Release|Any CPU.Build.0 = Release|Any CPU
		{993A3F96-8769-45E3-AA44-DFCB5BD6BDD5}.Debug|Any CPU.ActiveCfg = Debug|Any CPU
		{993A3F96-8769-45E3-AA44-DFCB5BD6BDD5}.Debug|Any CPU.Build.0 = Debug|Any CPU
		{993A3F96-8769-45E3-AA44-DFCB5BD6BDD5}.Release|Any CPU.ActiveCfg = Release|Any CPU
		{993A3F96-8769-45E3-AA44-DFCB5BD6BDD5}.Release|Any CPU.Build.0 = Release|Any CPU
		{07A498F9-7FC5-4479-8226-523D3E146414}.Debug|Any CPU.ActiveCfg = Debug|Any CPU
		{07A498F9-7FC5-4479-8226-523D3E146414}.Debug|Any CPU.Build.0 = Debug|Any CPU
		{07A498F9-7FC5-4479-8226-523D3E146414}.Release|Any CPU.ActiveCfg = Release|Any CPU
		{07A498F9-7FC5-4479-8226-523D3E146414}.Release|Any CPU.Build.0 = Release|Any CPU
		{0C2F521C-F7C4-4F7A-AA5A-DB47C862D240}.Debug|Any CPU.ActiveCfg = Debug|Any CPU
		{0C2F521C-F7C4-4F7A-AA5A-DB47C862D240}.Debug|Any CPU.Build.0 = Debug|Any CPU
		{0C2F521C-F7C4-4F7A-AA5A-DB47C862D240}.Release|Any CPU.ActiveCfg = Release|Any CPU
		{0C2F521C-F7C4-4F7A-AA5A-DB47C862D240}.Release|Any CPU.Build.0 = Release|Any CPU
	EndGlobalSection
	GlobalSection(SolutionProperties) = preSolution
		HideSolutionNode = FALSE
	EndGlobalSection
	GlobalSection(NestedProjects) = preSolution
		{850D976F-4754-4935-9F35-319557657501} = {E3FD676C-06A2-45F4-B050-3B890A15A8FB}
		{847E661E-B077-4D83-B6A4-CBB9BCD5D217} = {E3FD676C-06A2-45F4-B050-3B890A15A8FB}
		{2ABFF218-239D-42EA-8F57-2C0676063087} = {E3FD676C-06A2-45F4-B050-3B890A15A8FB}
		{CA794BB7-3A92-441C-B573-9B4966599618} = {E3FD676C-06A2-45F4-B050-3B890A15A8FB}
		{7F1CFE9C-6207-482F-8A78-DDA409E4BAEB} = {E3FD676C-06A2-45F4-B050-3B890A15A8FB}
		{32D6F99D-5F0F-4BCF-A9C3-9E45AE776533} = {E3FD676C-06A2-45F4-B050-3B890A15A8FB}
		{6C409D24-D6BA-4472-9361-0117CA3398A3} = {CA794BB7-3A92-441C-B573-9B4966599618}
		{9B98A6C1-8F23-4264-AF60-857A0AD926B4} = {2ABFF218-239D-42EA-8F57-2C0676063087}
		{F5B3E10F-46E1-4132-9051-4FB4C51979E1} = {2ABFF218-239D-42EA-8F57-2C0676063087}
		{BE56F0CC-AE18-4A5A-BC31-3CEC8F9F93DC} = {32D6F99D-5F0F-4BCF-A9C3-9E45AE776533}
		{993A3F96-8769-45E3-AA44-DFCB5BD6BDD5} = {847E661E-B077-4D83-B6A4-CBB9BCD5D217}
		{07A498F9-7FC5-4479-8226-523D3E146414} = {850D976F-4754-4935-9F35-319557657501}
		{0C2F521C-F7C4-4F7A-AA5A-DB47C862D240} = {7F1CFE9C-6207-482F-8A78-DDA409E4BAEB}
	EndGlobalSection
	GlobalSection(ExtensibilityGlobals) = postSolution
		SolutionGuid = {2D99FD12-EC83-4F8E-A3A3-7F3244A7863D}
	EndGlobalSection
EndGlobal
